// !$*UTF8*$!
{
	archiveVersion = 1;
	classes = {
	};
	objectVersion = 46;
	objects = {

/* Begin PBXBuildFile section */
		84A9DD86196C477D00286E72 /* Foundation.framework in Frameworks */ = {isa = PBXBuildFile; fileRef = 84A9DD85196C477D00286E72 /* Foundation.framework */; };
		84A9DD88196C477D00286E72 /* CoreGraphics.framework in Frameworks */ = {isa = PBXBuildFile; fileRef = 84A9DD87196C477D00286E72 /* CoreGraphics.framework */; };
		84A9DD8A196C477D00286E72 /* UIKit.framework in Frameworks */ = {isa = PBXBuildFile; fileRef = 84A9DD89196C477D00286E72 /* UIKit.framework */; };
		84A9DD90196C477D00286E72 /* InfoPlist.strings in Resources */ = {isa = PBXBuildFile; fileRef = 84A9DD8E196C477D00286E72 /* InfoPlist.strings */; };
		84A9DD92196C477D00286E72 /* main.m in Sources */ = {isa = PBXBuildFile; fileRef = 84A9DD91196C477D00286E72 /* main.m */; };
		84A9DD96196C477D00286E72 /* ATAppDelegate.m in Sources */ = {isa = PBXBuildFile; fileRef = 84A9DD95196C477D00286E72 /* ATAppDelegate.m */; };
		84A9DD99196C477D00286E72 /* Main.storyboard in Resources */ = {isa = PBXBuildFile; fileRef = 84A9DD97196C477D00286E72 /* Main.storyboard */; };
		84A9DD9C196C477D00286E72 /* ATViewController.m in Sources */ = {isa = PBXBuildFile; fileRef = 84A9DD9B196C477D00286E72 /* ATViewController.m */; };
		84A9DD9E196C477D00286E72 /* Images.xcassets in Resources */ = {isa = PBXBuildFile; fileRef = 84A9DD9D196C477D00286E72 /* Images.xcassets */; };
		84A9DDA5196C477D00286E72 /* XCTest.framework in Frameworks */ = {isa = PBXBuildFile; fileRef = 84A9DDA4196C477D00286E72 /* XCTest.framework */; };
		84A9DDA6196C477D00286E72 /* Foundation.framework in Frameworks */ = {isa = PBXBuildFile; fileRef = 84A9DD85196C477D00286E72 /* Foundation.framework */; };
		84A9DDA7196C477D00286E72 /* UIKit.framework in Frameworks */ = {isa = PBXBuildFile; fileRef = 84A9DD89196C477D00286E72 /* UIKit.framework */; };
		84A9DDAF196C477D00286E72 /* InfoPlist.strings in Resources */ = {isa = PBXBuildFile; fileRef = 84A9DDAD196C477D00286E72 /* InfoPlist.strings */; };
		84A9DDB1196C477D00286E72 /* Autolayout_testTests.m in Sources */ = {isa = PBXBuildFile; fileRef = 84A9DDB0196C477D00286E72 /* Autolayout_testTests.m */; };
		84AEB7C9196D640C00C67131 /* ATCellsViewController.m in Sources */ = {isa = PBXBuildFile; fileRef = 84AEB7C8196D640C00C67131 /* ATCellsViewController.m */; };
		84AEB7CC196D64B700C67131 /* ATTableViewCell.m in Sources */ = {isa = PBXBuildFile; fileRef = 84AEB7CB196D64B700C67131 /* ATTableViewCell.m */; };
/* End PBXBuildFile section */

/* Begin PBXContainerItemProxy section */
		84A9DDA8196C477D00286E72 /* PBXContainerItemProxy */ = {
			isa = PBXContainerItemProxy;
			containerPortal = 84A9DD7A196C477C00286E72 /* Project object */;
			proxyType = 1;
			remoteGlobalIDString = 84A9DD81196C477C00286E72;
			remoteInfo = Autolayout_test;
		};
/* End PBXContainerItemProxy section */

/* Begin PBXFileReference section */
		84A9DD82196C477C00286E72 /* Autolayout_test.app */ = {isa = PBXFileReference; explicitFileType = wrapper.application; includeInIndex = 0; path = Autolayout_test.app; sourceTree = BUILT_PRODUCTS_DIR; };
		84A9DD85196C477D00286E72 /* Foundation.framework */ = {isa = PBXFileReference; lastKnownFileType = wrapper.framework; name = Foundation.framework; path = System/Library/Frameworks/Foundation.framework; sourceTree = SDKROOT; };
		84A9DD87196C477D00286E72 /* CoreGraphics.framework */ = {isa = PBXFileReference; lastKnownFileType = wrapper.framework; name = CoreGraphics.framework; path = System/Library/Frameworks/CoreGraphics.framework; sourceTree = SDKROOT; };
		84A9DD89196C477D00286E72 /* UIKit.framework */ = {isa = PBXFileReference; lastKnownFileType = wrapper.framework; name = UIKit.framework; path = System/Library/Frameworks/UIKit.framework; sourceTree = SDKROOT; };
		84A9DD8D196C477D00286E72 /* Autolayout_test-Info.plist */ = {isa = PBXFileReference; lastKnownFileType = text.plist.xml; path = "Autolayout_test-Info.plist"; sourceTree = "<group>"; };
		84A9DD8F196C477D00286E72 /* en */ = {isa = PBXFileReference; lastKnownFileType = text.plist.strings; name = en; path = en.lproj/InfoPlist.strings; sourceTree = "<group>"; };
		84A9DD91196C477D00286E72 /* main.m */ = {isa = PBXFileReference; lastKnownFileType = sourcecode.c.objc; path = main.m; sourceTree = "<group>"; };
		84A9DD93196C477D00286E72 /* Autolayout_test-Prefix.pch */ = {isa = PBXFileReference; lastKnownFileType = sourcecode.c.h; path = "Autolayout_test-Prefix.pch"; sourceTree = "<group>"; };
		84A9DD94196C477D00286E72 /* ATAppDelegate.h */ = {isa = PBXFileReference; lastKnownFileType = sourcecode.c.h; path = ATAppDelegate.h; sourceTree = "<group>"; };
		84A9DD95196C477D00286E72 /* ATAppDelegate.m */ = {isa = PBXFileReference; lastKnownFileType = sourcecode.c.objc; path = ATAppDelegate.m; sourceTree = "<group>"; };
		84A9DD98196C477D00286E72 /* Base */ = {isa = PBXFileReference; lastKnownFileType = file.storyboard; name = Base; path = Base.lproj/Main.storyboard; sourceTree = "<group>"; };
		84A9DD9A196C477D00286E72 /* ATViewController.h */ = {isa = PBXFileReference; lastKnownFileType = sourcecode.c.h; path = ATViewController.h; sourceTree = "<group>"; };
		84A9DD9B196C477D00286E72 /* ATViewController.m */ = {isa = PBXFileReference; lastKnownFileType = sourcecode.c.objc; path = ATViewController.m; sourceTree = "<group>"; };
		84A9DD9D196C477D00286E72 /* Images.xcassets */ = {isa = PBXFileReference; lastKnownFileType = folder.assetcatalog; path = Images.xcassets; sourceTree = "<group>"; };
		84A9DDA3196C477D00286E72 /* Autolayout_testTests.xctest */ = {isa = PBXFileReference; explicitFileType = wrapper.cfbundle; includeInIndex = 0; path = Autolayout_testTests.xctest; sourceTree = BUILT_PRODUCTS_DIR; };
		84A9DDA4196C477D00286E72 /* XCTest.framework */ = {isa = PBXFileReference; lastKnownFileType = wrapper.framework; name = XCTest.framework; path = Library/Frameworks/XCTest.framework; sourceTree = DEVELOPER_DIR; };
		84A9DDAC196C477D00286E72 /* Autolayout_testTests-Info.plist */ = {isa = PBXFileReference; lastKnownFileType = text.plist.xml; path = "Autolayout_testTests-Info.plist"; sourceTree = "<group>"; };
		84A9DDAE196C477D00286E72 /* en */ = {isa = PBXFileReference; lastKnownFileType = text.plist.strings; name = en; path = en.lproj/InfoPlist.strings; sourceTree = "<group>"; };
		84A9DDB0196C477D00286E72 /* Autolayout_testTests.m */ = {isa = PBXFileReference; lastKnownFileType = sourcecode.c.objc; path = Autolayout_testTests.m; sourceTree = "<group>"; };
		84AEB7C7196D640C00C67131 /* ATCellsViewController.h */ = {isa = PBXFileReference; fileEncoding = 4; lastKnownFileType = sourcecode.c.h; path = ATCellsViewController.h; sourceTree = "<group>"; };
		84AEB7C8196D640C00C67131 /* ATCellsViewController.m */ = {isa = PBXFileReference; fileEncoding = 4; lastKnownFileType = sourcecode.c.objc; path = ATCellsViewController.m; sourceTree = "<group>"; };
		84AEB7CA196D64B700C67131 /* ATTableViewCell.h */ = {isa = PBXFileReference; fileEncoding = 4; lastKnownFileType = sourcecode.c.h; path = ATTableViewCell.h; sourceTree = "<group>"; };
		84AEB7CB196D64B700C67131 /* ATTableViewCell.m */ = {isa = PBXFileReference; fileEncoding = 4; lastKnownFileType = sourcecode.c.objc; path = ATTableViewCell.m; sourceTree = "<group>"; };
/* End PBXFileReference section */

/* Begin PBXFrameworksBuildPhase section */
		84A9DD7F196C477C00286E72 /* Frameworks */ = {
			isa = PBXFrameworksBuildPhase;
			buildActionMask = 2147483647;
			files = (
				84A9DD88196C477D00286E72 /* CoreGraphics.framework in Frameworks */,
				84A9DD8A196C477D00286E72 /* UIKit.framework in Frameworks */,
				84A9DD86196C477D00286E72 /* Foundation.framework in Frameworks */,
			);
			runOnlyForDeploymentPostprocessing = 0;
		};
		84A9DDA0196C477D00286E72 /* Frameworks */ = {
			isa = PBXFrameworksBuildPhase;
			buildActionMask = 2147483647;
			files = (
				84A9DDA5196C477D00286E72 /* XCTest.framework in Frameworks */,
				84A9DDA7196C477D00286E72 /* UIKit.framework in Frameworks */,
				84A9DDA6196C477D00286E72 /* Foundation.framework in Frameworks */,
			);
			runOnlyForDeploymentPostprocessing = 0;
		};
/* End PBXFrameworksBuildPhase section */

/* Begin PBXGroup section */
		84A9DD79196C477C00286E72 = {
			isa = PBXGroup;
			children = (
				84A9DD8B196C477D00286E72 /* Autolayout_test */,
				84A9DDAA196C477D00286E72 /* Autolayout_testTests */,
				84A9DD84196C477D00286E72 /* Frameworks */,
				84A9DD83196C477C00286E72 /* Products */,
			);
			sourceTree = "<group>";
		};
		84A9DD83196C477C00286E72 /* Products */ = {
			isa = PBXGroup;
			children = (
				84A9DD82196C477C00286E72 /* Autolayout_test.app */,
				84A9DDA3196C477D00286E72 /* Autolayout_testTests.xctest */,
			);
			name = Products;
			sourceTree = "<group>";
		};
		84A9DD84196C477D00286E72 /* Frameworks */ = {
			isa = PBXGroup;
			children = (
				84A9DD85196C477D00286E72 /* Foundation.framework */,
				84A9DD87196C477D00286E72 /* CoreGraphics.framework */,
				84A9DD89196C477D00286E72 /* UIKit.framework */,
				84A9DDA4196C477D00286E72 /* XCTest.framework */,
			);
			name = Frameworks;
			sourceTree = "<group>";
		};
		84A9DD8B196C477D00286E72 /* Autolayout_test */ = {
			isa = PBXGroup;
			children = (
				84A9DD94196C477D00286E72 /* ATAppDelegate.h */,
				84A9DD95196C477D00286E72 /* ATAppDelegate.m */,
				84A9DD97196C477D00286E72 /* Main.storyboard */,
				84A9DD9A196C477D00286E72 /* ATViewController.h */,
				84A9DD9B196C477D00286E72 /* ATViewController.m */,
				84A9DD9D196C477D00286E72 /* Images.xcassets */,
				84A9DD8C196C477D00286E72 /* Supporting Files */,
				84AEB7C7196D640C00C67131 /* ATCellsViewController.h */,
				84AEB7C8196D640C00C67131 /* ATCellsViewController.m */,
				84AEB7CA196D64B700C67131 /* ATTableViewCell.h */,
				84AEB7CB196D64B700C67131 /* ATTableViewCell.m */,
			);
			path = Autolayout_test;
			sourceTree = "<group>";
		};
		84A9DD8C196C477D00286E72 /* Supporting Files */ = {
			isa = PBXGroup;
			children = (
				84A9DD8D196C477D00286E72 /* Autolayout_test-Info.plist */,
				84A9DD8E196C477D00286E72 /* InfoPlist.strings */,
				84A9DD91196C477D00286E72 /* main.m */,
				84A9DD93196C477D00286E72 /* Autolayout_test-Prefix.pch */,
			);
			name = "Supporting Files";
			sourceTree = "<group>";
		};
		84A9DDAA196C477D00286E72 /* Autolayout_testTests */ = {
			isa = PBXGroup;
			children = (
				84A9DDB0196C477D00286E72 /* Autolayout_testTests.m */,
				84A9DDAB196C477D00286E72 /* Supporting Files */,
			);
			path = Autolayout_testTests;
			sourceTree = "<group>";
		};
		84A9DDAB196C477D00286E72 /* Supporting Files */ = {
			isa = PBXGroup;
			children = (
				84A9DDAC196C477D00286E72 /* Autolayout_testTests-Info.plist */,
				84A9DDAD196C477D00286E72 /* InfoPlist.strings */,
			);
			name = "Supporting Files";
			sourceTree = "<group>";
		};
/* End PBXGroup section */

/* Begin PBXNativeTarget section */
		84A9DD81196C477C00286E72 /* Autolayout_test */ = {
			isa = PBXNativeTarget;
			buildConfigurationList = 84A9DDB4196C477D00286E72 /* Build configuration list for PBXNativeTarget "Autolayout_test" */;
			buildPhases = (
				84A9DD7E196C477C00286E72 /* Sources */,
				84A9DD7F196C477C00286E72 /* Frameworks */,
				84A9DD80196C477C00286E72 /* Resources */,
			);
			buildRules = (
			);
			dependencies = (
			);
			name = Autolayout_test;
			productName = Autolayout_test;
			productReference = 84A9DD82196C477C00286E72 /* Autolayout_test.app */;
			productType = "com.apple.product-type.application";
		};
		84A9DDA2196C477D00286E72 /* Autolayout_testTests */ = {
			isa = PBXNativeTarget;
			buildConfigurationList = 84A9DDB7196C477D00286E72 /* Build configuration list for PBXNativeTarget "Autolayout_testTests" */;
			buildPhases = (
				84A9DD9F196C477D00286E72 /* Sources */,
				84A9DDA0196C477D00286E72 /* Frameworks */,
				84A9DDA1196C477D00286E72 /* Resources */,
			);
			buildRules = (
			);
			dependencies = (
				84A9DDA9196C477D00286E72 /* PBXTargetDependency */,
			);
			name = Autolayout_testTests;
			productName = Autolayout_testTests;
			productReference = 84A9DDA3196C477D00286E72 /* Autolayout_testTests.xctest */;
			productType = "com.apple.product-type.bundle.unit-test";
		};
/* End PBXNativeTarget section */

/* Begin PBXProject section */
		84A9DD7A196C477C00286E72 /* Project object */ = {
			isa = PBXProject;
			attributes = {
				CLASSPREFIX = AT;
				LastUpgradeCheck = 0510;
				ORGANIZATIONNAME = akvelon;
				TargetAttributes = {
					84A9DDA2196C477D00286E72 = {
						TestTargetID = 84A9DD81196C477C00286E72;
					};
				};
			};
			buildConfigurationList = 84A9DD7D196C477C00286E72 /* Build configuration list for PBXProject "Autolayout_test" */;
			compatibilityVersion = "Xcode 3.2";
			developmentRegion = English;
			hasScannedForEncodings = 0;
			knownRegions = (
				en,
				Base,
			);
			mainGroup = 84A9DD79196C477C00286E72;
			productRefGroup = 84A9DD83196C477C00286E72 /* Products */;
			projectDirPath = "";
			projectRoot = "";
			targets = (
				84A9DD81196C477C00286E72 /* Autolayout_test */,
				84A9DDA2196C477D00286E72 /* Autolayout_testTests */,
			);
		};
/* End PBXProject section */

/* Begin PBXResourcesBuildPhase section */
		84A9DD80196C477C00286E72 /* Resources */ = {
			isa = PBXResourcesBuildPhase;
			buildActionMask = 2147483647;
			files = (
				84A9DD9E196C477D00286E72 /* Images.xcassets in Resources */,
				84A9DD90196C477D00286E72 /* InfoPlist.strings in Resources */,
				84A9DD99196C477D00286E72 /* Main.storyboard in Resources */,
			);
			runOnlyForDeploymentPostprocessing = 0;
		};
		84A9DDA1196C477D00286E72 /* Resources */ = {
			isa = PBXResourcesBuildPhase;
			buildActionMask = 2147483647;
			files = (
				84A9DDAF196C477D00286E72 /* InfoPlist.strings in Resources */,
			);
			runOnlyForDeploymentPostprocessing = 0;
		};
/* End PBXResourcesBuildPhase section */

/* Begin PBXSourcesBuildPhase section */
		84A9DD7E196C477C00286E72 /* Sources */ = {
			isa = PBXSourcesBuildPhase;
			buildActionMask = 2147483647;
			files = (
				84AEB7CC196D64B700C67131 /* ATTableViewCell.m in Sources */,
				84A9DD92196C477D00286E72 /* main.m in Sources */,
				84AEB7C9196D640C00C67131 /* ATCellsViewController.m in Sources */,
				84A9DD9C196C477D00286E72 /* ATViewController.m in Sources */,
				84A9DD96196C477D00286E72 /* ATAppDelegate.m in Sources */,
			);
			runOnlyForDeploymentPostprocessing = 0;
		};
		84A9DD9F196C477D00286E72 /* Sources */ = {
			isa = PBXSourcesBuildPhase;
			buildActionMask = 2147483647;
			files = (
				84A9DDB1196C477D00286E72 /* Autolayout_testTests.m in Sources */,
			);
			runOnlyForDeploymentPostprocessing = 0;
		};
/* End PBXSourcesBuildPhase section */

/* Begin PBXTargetDependency section */
		84A9DDA9196C477D00286E72 /* PBXTargetDependency */ = {
			isa = PBXTargetDependency;
			target = 84A9DD81196C477C00286E72 /* Autolayout_test */;
			targetProxy = 84A9DDA8196C477D00286E72 /* PBXContainerItemProxy */;
		};
/* End PBXTargetDependency section */

/* Begin PBXVariantGroup section */
		84A9DD8E196C477D00286E72 /* InfoPlist.strings */ = {
			isa = PBXVariantGroup;
			children = (
				84A9DD8F196C477D00286E72 /* en */,
			);
			name = InfoPlist.strings;
			sourceTree = "<group>";
		};
		84A9DD97196C477D00286E72 /* Main.storyboard */ = {
			isa = PBXVariantGroup;
			children = (
				84A9DD98196C477D00286E72 /* Base */,
			);
			name = Main.storyboard;
			sourceTree = "<group>";
		};
		84A9DDAD196C477D00286E72 /* InfoPlist.strings */ = {
			isa = PBXVariantGroup;
			children = (
				84A9DDAE196C477D00286E72 /* en */,
			);
			name = InfoPlist.strings;
			sourceTree = "<group>";
		};
/* End PBXVariantGroup section */

/* Begin XCBuildConfiguration section */
		84A9DDB2196C477D00286E72 /* Debug */ = {
			isa = XCBuildConfiguration;
			buildSettings = {
				ALWAYS_SEARCH_USER_PATHS = NO;
				CLANG_CXX_LANGUAGE_STANDARD = "gnu++0x";
				CLANG_CXX_LIBRARY = "libc++";
				CLANG_ENABLE_MODULES = YES;
				CLANG_ENABLE_OBJC_ARC = YES;
				CLANG_WARN_BOOL_CONVERSION = YES;
				CLANG_WARN_CONSTANT_CONVERSION = YES;
				CLANG_WARN_DIRECT_OBJC_ISA_USAGE = YES_ERROR;
				CLANG_WARN_EMPTY_BODY = YES;
				CLANG_WARN_ENUM_CONVERSION = YES;
				CLANG_WARN_INT_CONVERSION = YES;
				CLANG_WARN_OBJC_ROOT_CLASS = YES_ERROR;
				CLANG_WARN__DUPLICATE_METHOD_MATCH = YES;
				"CODE_SIGN_IDENTITY[sdk=iphoneos*]" = "iPhone Developer";
				COPY_PHASE_STRIP = NO;
				GCC_C_LANGUAGE_STANDARD = gnu99;
				GCC_DYNAMIC_NO_PIC = NO;
				GCC_OPTIMIZATION_LEVEL = 0;
				GCC_PREPROCESSOR_DEFINITIONS = (
					"DEBUG=1",
					"$(inherited)",
				);
				GCC_SYMBOLS_PRIVATE_EXTERN = NO;
				GCC_WARN_64_TO_32_BIT_CONVERSION = YES;
				GCC_WARN_ABOUT_RETURN_TYPE = YES_ERROR;
				GCC_WARN_UNDECLARED_SELECTOR = YES;
				GCC_WARN_UNINITIALIZED_AUTOS = YES_AGGRESSIVE;
				GCC_WARN_UNUSED_FUNCTION = YES;
				GCC_WARN_UNUSED_VARIABLE = YES;
				IPHONEOS_DEPLOYMENT_TARGET = 7.1;
				ONLY_ACTIVE_ARCH = YES;
				SDKROOT = iphoneos;
			};
			name = Debug;
		};
		84A9DDB3196C477D00286E72 /* Release */ = {
			isa = XCBuildConfiguration;
			buildSettings = {
				ALWAYS_SEARCH_USER_PATHS = NO;
				CLANG_CXX_LANGUAGE_STANDARD = "gnu++0x";
				CLANG_CXX_LIBRARY = "libc++";
				CLANG_ENABLE_MODULES = YES;
				CLANG_ENABLE_OBJC_ARC = YES;
				CLANG_WARN_BOOL_CONVERSION = YES;
				CLANG_WARN_CONSTANT_CONVERSION = YES;
				CLANG_WARN_DIRECT_OBJC_ISA_USAGE = YES_ERROR;
				CLANG_WARN_EMPTY_BODY = YES;
				CLANG_WARN_ENUM_CONVERSION = YES;
				CLANG_WARN_INT_CONVERSION = YES;
				CLANG_WARN_OBJC_ROOT_CLASS = YES_ERROR;
				CLANG_WARN__DUPLICATE_METHOD_MATCH = YES;
				"CODE_SIGN_IDENTITY[sdk=iphoneos*]" = "iPhone Developer";
				COPY_PHASE_STRIP = YES;
				ENABLE_NS_ASSERTIONS = NO;
				GCC_C_LANGUAGE_STANDARD = gnu99;
				GCC_WARN_64_TO_32_BIT_CONVERSION = YES;
				GCC_WARN_ABOUT_RETURN_TYPE = YES_ERROR;
				GCC_WARN_UNDECLARED_SELECTOR = YES;
				GCC_WARN_UNINITIALIZED_AUTOS = YES_AGGRESSIVE;
				GCC_WARN_UNUSED_FUNCTION = YES;
				GCC_WARN_UNUSED_VARIABLE = YES;
				IPHONEOS_DEPLOYMENT_TARGET = 7.1;
				SDKROOT = iphoneos;
				VALIDATE_PRODUCT = YES;
			};
			name = Release;
		};
		84A9DDB5196C477D00286E72 /* Debug */ = {
			isa = XCBuildConfiguration;
			buildSettings = {
				ASSETCATALOG_COMPILER_APPICON_NAME = AppIcon;
				ASSETCATALOG_COMPILER_LAUNCHIMAGE_NAME = LaunchImage;
				GCC_PRECOMPILE_PREFIX_HEADER = YES;
				GCC_PREFIX_HEADER = "Autolayout_test/Autolayout_test-Prefix.pch";
				INFOPLIST_FILE = "Autolayout_test/Autolayout_test-Info.plist";
				PRODUCT_NAME = "$(TARGET_NAME)";
				WRAPPER_EXTENSION = app;
			};
			name = Debug;
		};
		84A9DDB6196C477D00286E72 /* Release */ = {
			isa = XCBuildConfiguration;
			buildSettings = {
				ASSETCATALOG_COMPILER_APPICON_NAME = AppIcon;
				ASSETCATALOG_COMPILER_LAUNCHIMAGE_NAME = LaunchImage;
				GCC_PRECOMPILE_PREFIX_HEADER = YES;
				GCC_PREFIX_HEADER = "Autolayout_test/Autolayout_test-Prefix.pch";
				INFOPLIST_FILE = "Autolayout_test/Autolayout_test-Info.plist";
				PRODUCT_NAME = "$(TARGET_NAME)";
				WRAPPER_EXTENSION = app;
			};
			name = Release;
		};
		84A9DDB8196C477D00286E72 /* Debug */ = {
			isa = XCBuildConfiguration;
			buildSettings = {
				BUNDLE_LOADER = "$(BUILT_PRODUCTS_DIR)/Autolayout_test.app/Autolayout_test";
				FRAMEWORK_SEARCH_PATHS = (
					"$(SDKROOT)/Developer/Library/Frameworks",
					"$(inherited)",
					"$(DEVELOPER_FRAMEWORKS_DIR)",
				);
				GCC_PRECOMPILE_PREFIX_HEADER = YES;
				GCC_PREFIX_HEADER = "Autolayout_test/Autolayout_test-Prefix.pch";
				GCC_PREPROCESSOR_DEFINITIONS = (
					"DEBUG=1",
					"$(inherited)",
				);
				INFOPLIST_FILE = "Autolayout_testTests/Autolayout_testTests-Info.plist";
				PRODUCT_NAME = "$(TARGET_NAME)";
				TEST_HOST = "$(BUNDLE_LOADER)";
				WRAPPER_EXTENSION = xctest;
			};
			name = Debug;
		};
		84A9DDB9196C477D00286E72 /* Release */ = {
			isa = XCBuildConfiguration;
			buildSettings = {
				BUNDLE_LOADER = "$(BUILT_PRODUCTS_DIR)/Autolayout_test.app/Autolayout_test";
				FRAMEWORK_SEARCH_PATHS = (
					"$(SDKROOT)/Developer/Library/Frameworks",
					"$(inherited)",
					"$(DEVELOPER_FRAMEWORKS_DIR)",
				);
				GCC_PRECOMPILE_PREFIX_HEADER = YES;
				GCC_PREFIX_HEADER = "Autolayout_test/Autolayout_test-Prefix.pch";
				INFOPLIST_FILE = "Autolayout_testTests/Autolayout_testTests-Info.plist";
				PRODUCT_NAME = "$(TARGET_NAME)";
				TEST_HOST = "$(BUNDLE_LOADER)";
				WRAPPER_EXTENSION = xctest;
			};
			name = Release;
		};
/* End XCBuildConfiguration section */

/* Begin XCConfigurationList section */
		84A9DD7D196C477C00286E72 /* Build configuration list for PBXProject "Autolayout_test" */ = {
			isa = XCConfigurationList;
			buildConfigurations = (
				84A9DDB2196C477D00286E72 /* Debug */,
				84A9DDB3196C477D00286E72 /* Release */,
			);
			defaultConfigurationIsVisible = 0;
			defaultConfigurationName = Release;
		};
		84A9DDB4196C477D00286E72 /* Build configuration list for PBXNativeTarget "Autolayout_test" */ = {
			isa = XCConfigurationList;
			buildConfigurations = (
				84A9DDB5196C477D00286E72 /* Debug */,
				84A9DDB6196C477D00286E72 /* Release */,
			);
			defaultConfigurationIsVisible = 0;
			defaultConfigurationName = Release;
		};
		84A9DDB7196C477D00286E72 /* Build configuration list for PBXNativeTarget "Autolayout_testTests" */ = {
			isa = XCConfigurationList;
			buildConfigurations = (
				84A9DDB8196C477D00286E72 /* Debug */,
				84A9DDB9196C477D00286E72 /* Release */,
			);
			defaultConfigurationIsVisible = 0;
			defaultConfigurationName = Release;
		};
/* End XCConfigurationList section */
	};
	rootObject = 84A9DD7A196C477C00286E72 /* Project object */;
}
